# This file was autogenerated by Stack.
# You should not edit this file by hand.
# For more information, please see the documentation at:
#   https://docs.haskellstack.org/en/stable/lock_files

packages:
- completed:
    hackage: aeson-1.4.4.0@sha256:c70d78f78efb1d766f1c5b594c9eadcc1bc9587d83e5a50714b9a91105fb2ca4,6963
    pantry-tree:
      size: 40193
      sha256: b5c00a6bc09240baf60f9c8ecb0653067b533fea42e3aaf151564362479d3d20
  original:
    hackage: aeson-1.4.4.0
- completed:
    hackage: Spock-0.13.0.0@sha256:163ef2698fed8f5801428d8dbe794fd126415a5ff3304b227750fdc4037497be,3745
    pantry-tree:
      size: 1118
      sha256: 9ddd674e7a88e8495727a1857976ee3e5ef5dfa733e379416eb12a42781d586c
  original:
    hackage: Spock-0.13.0.0
- completed:
    hackage: Spock-core-0.13.0.0@sha256:06e007f23c47bdda52d2927da54160d73f1b6f51a977f3ca9087275698db8f0a,3400
    pantry-tree:
      size: 1113
      sha256: 86140298020f68bb09d07b26a6a6f1666fc3a02715d7986b09150727247a1a84
  original:
    hackage: Spock-core-0.13.0.0@sha256:06e007f23c47bdda52d2927da54160d73f1b6f51a977f3ca9087275698db8f0a,3400
- completed:
    hackage: reroute-0.5.0.0@sha256:3360747cdc700c9808a38bff48b75926efa443d4af282396082329a218a8d9d3,2446
    pantry-tree:
      size: 660
      sha256: 52afcff0a5dba2fb746be4fa8cfa56cf774272872b61130537fe0e7ad463c0cd
  original:
    hackage: reroute-0.5.0.0@sha256:3360747cdc700c9808a38bff48b75926efa443d4af282396082329a218a8d9d3,2446
- completed:
    hackage: stm-containers-0.2.16@sha256:e98efa8dcf0045ea8a78a04b4e2763cf2d8bc33aad0750e2f30a67f8f4e933b1,8454
    pantry-tree:
      size: 1564
      sha256: 00d9830990f351bda6b5322ec4adab4386d0a36d3f1a997ec378434c2923f376
  original:
    hackage: stm-containers-0.2.16@sha256:e98efa8dcf0045ea8a78a04b4e2763cf2d8bc33aad0750e2f30a67f8f4e933b1,8454
- completed:
    hackage: focus-0.1.5.2@sha256:fc5c76a5be3a9a1c456106d6f389939299c7e05a1a24938b909f043e36a3e37b,1519
    pantry-tree:
      size: 206
      sha256: b8371b82b496602010a3a5b8e33a0e9108a5a3c70d99f842859bae89face740c
  original:
    hackage: focus-0.1.5.2@sha256:fc5c76a5be3a9a1c456106d6f389939299c7e05a1a24938b909f043e36a3e37b,1519
- completed:
    hackage: bytestring-0.10.8.2@sha256:0a58355cb91bc9930f951a6d14f5fb4a6022647c3aab2b7223e888843bb6a832,8921
    pantry-tree:
      size: 2788
      sha256: 5ebb0fddb2f9cdf4a295bbb610279ba7651547355d882942ad08c62efb00183c
  original:
    hackage: bytestring-0.10.8.2
- completed:
    hackage: text-1.2.3.1@sha256:ceb05f2a77b82bffe58c9ce8d8ad447191e4509bd28c14bf3da610bd6b82a62b,8560
    pantry-tree:
      size: 7456
      sha256: c9b38b60593401bb378b694a42b085d46f74f97d86d39edeb01a616965f2b581
  original:
    hackage: text-1.2.3.1
- completed:
    hackage: string-random-0.1.2.0@sha256:db4f801dec1ec72cba7d662b9774da60ff54de6d05478e94478d6d730dc5034f,2439
    pantry-tree:
      size: 489
      sha256: 21c7e61fceea98d14b453fc74c947b715ce33fe4c665c65b1f28c6f417d4ab7e
  original:
    hackage: string-random-0.1.2.0
- completed:
    hackage: unordered-containers-0.2.10.0@sha256:5e9b095a9283d9e2f064fec73a81a6b6ea0b7fda3f219a8175785d2d2a3de204,5199
    pantry-tree:
      size: 1415
      sha256: dfc2d75f4e59c03e2c68be6909b577f26991367134eaac06a407e940e66856ae
  original:
    hackage: unordered-containers-0.2.10.0
- completed:
    hackage: scientific-0.3.6.2@sha256:dd49abc76bd8e2b57e7a057dc2bb742a00527b4bf9350f9374be03b5934e55d8,4679
    pantry-tree:
      size: 656
      sha256: d05b22ccd31ad7a4438d9217bf44771ac63c4eeb0acc9c624465044e5894766a
  original:
    hackage: scientific-0.3.6.2
- completed:
    hackage: turtle-1.5.14@sha256:be0f9d3102e11458554d17f581a69984e511f15d6d51a4c4816743783576b566,4908
    pantry-tree:
      size: 1114
      sha256: 191eed87a5e8713a212ddfe4c5f4b819d07771c56becd92b8b5c6119f7ddad5d
  original:
    hackage: turtle-1.5.14
- completed:
    hackage: optparse-applicative-0.14.3.0@sha256:37d7ff26d8cddf7f2b58e9ed60c1550f3d94b32bc449e3c038be074f256e08a8,4376
    pantry-tree:
      size: 2643
      sha256: c23d41e112198ffb15c57101c90feb3e7dbf2771e48610e3c30fb367f92eaaeb
  original:
    hackage: optparse-applicative-0.14.3.0
- completed:
    hackage: vector-0.12.0.3@sha256:1422b0bcf4e7675116ca8d9f473bf239850c58c4518a56010e3bfebeac345ace,7171
    pantry-tree:
      size: 3429
      sha256: 1adb067bf4b6abf2269a369e18016e5a0e6c40b876aa64dfea9f47547d915ef6
  original:
    hackage: vector-0.12.0.3
snapshots:
- completed:
    size: 523884
    url: https://raw.githubusercontent.com/commercialhaskell/stackage-snapshots/master/lts/14/4.yaml
    sha256: 16f24be248b42c9e16d59db84378836b1e7c239448a041cae46d32daffa45a8b
  original: lts-14.4
